
Microsoft Visual Studio Solution File, Format Version 12.00
# Visual Studio Version 17
VisualStudioVersion = 17.6.33829.357
MinimumVisualStudioVersion = 10.0.40219.1
Project("{9A19103F-16F7-4668-BE54-9A1E7A4F7556}") = "Powerplant_Unit_Measurement", "Powerplant_Unit_Measurement.csproj", "{257A5904-200D-4BC2-BDA6-E5111C484C37}"
EndProject
Global
	GlobalSection(SolutionConfigurationPlatforms) = preSolution
		Debug|Any CPU = Debug|Any CPU
		Release|Any CPU = Release|Any CPU
	EndGlobalSection
	GlobalSection(ProjectConfigurationPlatforms) = postSolution
		{257A5904-200D-4BC2-BDA6-E5111C484C37}.Debug|Any CPU.ActiveCfg = Debug|Any CPU
		{257A5904-200D-4BC2-BDA6-E5111C484C37}.Debug|Any CPU.Build.0 = Debug|Any CPU
		{257A5904-200D-4BC2-BDA6-E5111C484C37}.Release|Any CPU.ActiveCfg = Release|Any CPU
		{257A5904-200D-4BC2-BDA6-E5111C484C37}.Release|Any CPU.Build.0 = Release|Any CPU
	EndGlobalSection
	GlobalSection(SolutionProperties) = preSolution
		HideSolutionNode = FALSE
	EndGlobalSection
	GlobalSection(ExtensibilityGlobals) = postSolution
		SolutionGuid = {10D6D0CB-C3EB-4965-BE07-93EF1FC2FCAB}
	EndGlobalSection
EndGlobal
